
Microsoft Visual Studio Solution File, Format Version 12.00
# Visual Studio Version 16
VisualStudioVersion = 16.0.30413.136
MinimumVisualStudioVersion = 10.0.40219.1
Project("{FAE04EC0-301F-11D3-BF4B-00C04F79EFBC}") = "FileDemo", "FileDemo\FileDemo.csproj", "{66658BD4-FF80-4DC0-8BF2-4319FD096FAE}"
EndProject
Global
	GlobalSection(SolutionConfigurationPlatforms) = preSolution
		Debug|Any CPU = Debug|Any CPU
		Release|Any CPU = Release|Any CPU
	EndGlobalSection
	GlobalSection(ProjectConfigurationPlatforms) = postSolution
		{66658BD4-FF80-4DC0-8BF2-4319FD096FAE}.Debug|Any CPU.ActiveCfg = Debug|Any CPU
		{66658BD4-FF80-4DC0-8BF2-4319FD096FAE}.Debug|Any CPU.Build.0 = Debug|Any CPU
		{66658BD4-FF80-4DC0-8BF2-4319FD096FAE}.Release|Any CPU.ActiveCfg = Release|Any CPU
		{66658BD4-FF80-4DC0-8BF2-4319FD096FAE}.Release|Any CPU.Build.0 = Release|Any CPU
	EndGlobalSection
	GlobalSection(SolutionProperties) = preSolution
		HideSolutionNode = FALSE
	EndGlobalSection
	GlobalSection(ExtensibilityGlobals) = postSolution
		SolutionGuid = {7A774D08-EA16-4807-BC42-7D98BDE4872A}
	EndGlobalSection
EndGlobal
